
Microsoft Visual Studio Solution File, Format Version 12.00
# Visual Studio Version 17
VisualStudioVersion = 17.14.36310.24 d17.14
MinimumVisualStudioVersion = 10.0.40219.1
Project("{FAE04EC0-301F-11D3-BF4B-00C04F79EFBC}") = "Assesment_Fortitude", "Assesment_Fortitude\Assesment_Fortitude.csproj", "{8C577021-F941-44DB-9CF9-090AD5B9B082}"
EndProject
Project("{FAE04EC0-301F-11D3-BF4B-00C04F79EFBC}") = "Assesment_FortitudeTest", "Assesment_FortitudeTest\Assesment_FortitudeTest.csproj", "{0527136E-5AA7-4F1F-ABDB-AC3ABD246D0C}"
EndProject
Global
	GlobalSection(SolutionConfigurationPlatforms) = preSolution
		Debug|Any CPU = Debug|Any CPU
		Release|Any CPU = Release|Any CPU
	EndGlobalSection
	GlobalSection(ProjectConfigurationPlatforms) = postSolution
		{8C577021-F941-44DB-9CF9-090AD5B9B082}.Debug|Any CPU.ActiveCfg = Debug|Any CPU
		{8C577021-F941-44DB-9CF9-090AD5B9B082}.Debug|Any CPU.Build.0 = Debug|Any CPU
		{8C577021-F941-44DB-9CF9-090AD5B9B082}.Release|Any CPU.ActiveCfg = Release|Any CPU
		{8C577021-F941-44DB-9CF9-090AD5B9B082}.Release|Any CPU.Build.0 = Release|Any CPU
		{0527136E-5AA7-4F1F-ABDB-AC3ABD246D0C}.Debug|Any CPU.ActiveCfg = Debug|Any CPU
		{0527136E-5AA7-4F1F-ABDB-AC3ABD246D0C}.Debug|Any CPU.Build.0 = Debug|Any CPU
		{0527136E-5AA7-4F1F-ABDB-AC3ABD246D0C}.Release|Any CPU.ActiveCfg = Release|Any CPU
		{0527136E-5AA7-4F1F-ABDB-AC3ABD246D0C}.Release|Any CPU.Build.0 = Release|Any CPU
	EndGlobalSection
	GlobalSection(SolutionProperties) = preSolution
		HideSolutionNode = FALSE
	EndGlobalSection
	GlobalSection(ExtensibilityGlobals) = postSolution
		SolutionGuid = {BA58A945-67F8-4E44-93A6-B7A37BFF6253}
	EndGlobalSection
EndGlobal
